
Microsoft Visual Studio Solution File, Format Version 12.00
# Visual Studio Version 16
VisualStudioVersion = 16.0.29009.5
MinimumVisualStudioVersion = 10.0.40219.1
Project("{2150E333-8FDC-42A3-9474-1A3956D46DE8}") = "src", "src", "{A605EDAD-C7ED-47D8-9118-716C794E9266}"
EndProject
Project("{FAE04EC0-301F-11D3-BF4B-00C04F79EFBC}") = "CloudMigration.NET462Configuration", "src\CloudMigration.NET462Configuration\CloudMigration.NET462Configuration.csproj", "{DB28BED4-BA70-4BCC-9450-81549536EF2F}"
EndProject
Project("{FAE04EC0-301F-11D3-BF4B-00C04F79EFBC}") = "CloudMigration.NET462Logging", "src\CloudMigration.NET462Logging\CloudMigration.NET462Logging.csproj", "{9729E0CF-F0A4-4DE5-B1FF-01056BA3C601}"
EndProject
Project("{FAE04EC0-301F-11D3-BF4B-00C04F79EFBC}") = "CloudMigration.NET462SessionState", "src\CloudMigration.NET462SessionState\CloudMigration.NET462SessionState.csproj", "{D2F6CD16-848E-4432-9A86-2B22D2548389}"
EndProject
Project("{FAE04EC0-301F-11D3-BF4B-00C04F79EFBC}") = "CloudMigrationASP.NET462SessionCache", "src\CloudMigrationASP.NET462SessionCache\CloudMigrationASP.NET462SessionCache.csproj", "{E12E8D04-6045-4945-A17D-9804C44D4187}"
EndProject
Project("{FAE04EC0-301F-11D3-BF4B-00C04F79EFBC}") = "CloudMigration.NET462Security", "src\CloudMigration.NET462Security\CloudMigration.NET462Security.csproj", "{EA07A6B9-4989-4269-B2A2-5A20108348B8}"
EndProject
Project("{FAE04EC0-301F-11D3-BF4B-00C04F79EFBC}") = "CloudMigrationASP.NET462Auth0", "src\CloudMigrationASP.NET462Auth0\CloudMigrationASP.NET462Auth0.csproj", "{A7A9C863-84BA-4A6E-ABB4-9FBFC147B51E}"
EndProject
Project("{FAE04EC0-301F-11D3-BF4B-00C04F79EFBC}") = "SOAPWebServiceASP.NET472ToPCF", "src\SOAPWebServiceASP.NET472ToPCF\SOAPWebServiceASP.NET472ToPCF.csproj", "{4977C323-5BD9-4ACF-995A-090883ECA9E3}"
EndProject
Project("{9A19103F-16F7-4668-BE54-9A1E7A4F7556}") = "Amazon.S3", "src\Amazon.S3\Amazon.S3.csproj", "{E56A9610-0278-4C56-9C95-8B8ECFBC45AB}"
EndProject
Project("{9A19103F-16F7-4668-BE54-9A1E7A4F7556}") = "Kinvitech.Services", "src\Kinvitech.Services\Kinvitech.Services.csproj", "{C58808E1-2E9B-41D2-B60C-FF2A5E522E10}"
EndProject
Project("{9A19103F-16F7-4668-BE54-9A1E7A4F7556}") = "Kinvitech.FileManager", "src\Kinvitech.FileManager\Kinvitech.FileManager.csproj", "{2CEAD9C2-AD5E-4307-950A-2C3C2E597933}"
EndProject
Project("{2150E333-8FDC-42A3-9474-1A3956D46DE8}") = "test", "test", "{E9056D89-6707-4A8D-AC2F-FC3A1B63E652}"
EndProject
Project("{FAE04EC0-301F-11D3-BF4B-00C04F79EFBC}") = "TDD.XUnit.Example", "Test\TDD.XUnit.Example\TDD.XUnit.Example.csproj", "{0A606BFB-825F-4889-98C0-4A6F632668A8}"
EndProject
Global
	GlobalSection(SolutionConfigurationPlatforms) = preSolution
		Debug|Any CPU = Debug|Any CPU
		Release|Any CPU = Release|Any CPU
	EndGlobalSection
	GlobalSection(ProjectConfigurationPlatforms) = postSolution
		{DB28BED4-BA70-4BCC-9450-81549536EF2F}.Debug|Any CPU.ActiveCfg = Debug|Any CPU
		{DB28BED4-BA70-4BCC-9450-81549536EF2F}.Debug|Any CPU.Build.0 = Debug|Any CPU
		{DB28BED4-BA70-4BCC-9450-81549536EF2F}.Release|Any CPU.ActiveCfg = Release|Any CPU
		{DB28BED4-BA70-4BCC-9450-81549536EF2F}.Release|Any CPU.Build.0 = Release|Any CPU
		{9729E0CF-F0A4-4DE5-B1FF-01056BA3C601}.Debug|Any CPU.ActiveCfg = Debug|Any CPU
		{9729E0CF-F0A4-4DE5-B1FF-01056BA3C601}.Debug|Any CPU.Build.0 = Debug|Any CPU
		{9729E0CF-F0A4-4DE5-B1FF-01056BA3C601}.Release|Any CPU.ActiveCfg = Release|Any CPU
		{9729E0CF-F0A4-4DE5-B1FF-01056BA3C601}.Release|Any CPU.Build.0 = Release|Any CPU
		{D2F6CD16-848E-4432-9A86-2B22D2548389}.Debug|Any CPU.ActiveCfg = Debug|Any CPU
		{D2F6CD16-848E-4432-9A86-2B22D2548389}.Debug|Any CPU.Build.0 = Debug|Any CPU
		{D2F6CD16-848E-4432-9A86-2B22D2548389}.Release|Any CPU.ActiveCfg = Release|Any CPU
		{D2F6CD16-848E-4432-9A86-2B22D2548389}.Release|Any CPU.Build.0 = Release|Any CPU
		{E12E8D04-6045-4945-A17D-9804C44D4187}.Debug|Any CPU.ActiveCfg = Debug|Any CPU
		{E12E8D04-6045-4945-A17D-9804C44D4187}.Debug|Any CPU.Build.0 = Debug|Any CPU
		{E12E8D04-6045-4945-A17D-9804C44D4187}.Release|Any CPU.ActiveCfg = Release|Any CPU
		{E12E8D04-6045-4945-A17D-9804C44D4187}.Release|Any CPU.Build.0 = Release|Any CPU
		{EA07A6B9-4989-4269-B2A2-5A20108348B8}.Debug|Any CPU.ActiveCfg = Debug|Any CPU
		{EA07A6B9-4989-4269-B2A2-5A20108348B8}.Debug|Any CPU.Build.0 = Debug|Any CPU
		{EA07A6B9-4989-4269-B2A2-5A20108348B8}.Release|Any CPU.ActiveCfg = Release|Any CPU
		{EA07A6B9-4989-4269-B2A2-5A20108348B8}.Release|Any CPU.Build.0 = Release|Any CPU
		{A7A9C863-84BA-4A6E-ABB4-9FBFC147B51E}.Debug|Any CPU.ActiveCfg = Debug|Any CPU
		{A7A9C863-84BA-4A6E-ABB4-9FBFC147B51E}.Debug|Any CPU.Build.0 = Debug|Any CPU
		{A7A9C863-84BA-4A6E-ABB4-9FBFC147B51E}.Release|Any CPU.ActiveCfg = Release|Any CPU
		{A7A9C863-84BA-4A6E-ABB4-9FBFC147B51E}.Release|Any CPU.Build.0 = Release|Any CPU
		{4977C323-5BD9-4ACF-995A-090883ECA9E3}.Debug|Any CPU.ActiveCfg = Debug|Any CPU
		{4977C323-5BD9-4ACF-995A-090883ECA9E3}.Debug|Any CPU.Build.0 = Debug|Any CPU
		{4977C323-5BD9-4ACF-995A-090883ECA9E3}.Release|Any CPU.ActiveCfg = Release|Any CPU
		{4977C323-5BD9-4ACF-995A-090883ECA9E3}.Release|Any CPU.Build.0 = Release|Any CPU
		{E56A9610-0278-4C56-9C95-8B8ECFBC45AB}.Debug|Any CPU.ActiveCfg = Debug|Any CPU
		{E56A9610-0278-4C56-9C95-8B8ECFBC45AB}.Debug|Any CPU.Build.0 = Debug|Any CPU
		{E56A9610-0278-4C56-9C95-8B8ECFBC45AB}.Release|Any CPU.ActiveCfg = Release|Any CPU
		{E56A9610-0278-4C56-9C95-8B8ECFBC45AB}.Release|Any CPU.Build.0 = Release|Any CPU
		{C58808E1-2E9B-41D2-B60C-FF2A5E522E10}.Debug|Any CPU.ActiveCfg = Debug|Any CPU
		{C58808E1-2E9B-41D2-B60C-FF2A5E522E10}.Debug|Any CPU.Build.0 = Debug|Any CPU
		{C58808E1-2E9B-41D2-B60C-FF2A5E522E10}.Release|Any CPU.ActiveCfg = Release|Any CPU
		{C58808E1-2E9B-41D2-B60C-FF2A5E522E10}.Release|Any CPU.Build.0 = Release|Any CPU
		{2CEAD9C2-AD5E-4307-950A-2C3C2E597933}.Debug|Any CPU.ActiveCfg = Debug|Any CPU
		{2CEAD9C2-AD5E-4307-950A-2C3C2E597933}.Debug|Any CPU.Build.0 = Debug|Any CPU
		{2CEAD9C2-AD5E-4307-950A-2C3C2E597933}.Release|Any CPU.ActiveCfg = Release|Any CPU
		{2CEAD9C2-AD5E-4307-950A-2C3C2E597933}.Release|Any CPU.Build.0 = Release|Any CPU
		{0A606BFB-825F-4889-98C0-4A6F632668A8}.Debug|Any CPU.ActiveCfg = Debug|Any CPU
		{0A606BFB-825F-4889-98C0-4A6F632668A8}.Debug|Any CPU.Build.0 = Debug|Any CPU
		{0A606BFB-825F-4889-98C0-4A6F632668A8}.Release|Any CPU.ActiveCfg = Release|Any CPU
		{0A606BFB-825F-4889-98C0-4A6F632668A8}.Release|Any CPU.Build.0 = Release|Any CPU
	EndGlobalSection
	GlobalSection(SolutionProperties) = preSolution
		HideSolutionNode = FALSE
	EndGlobalSection
	GlobalSection(NestedProjects) = preSolution
		{DB28BED4-BA70-4BCC-9450-81549536EF2F} = {A605EDAD-C7ED-47D8-9118-716C794E9266}
		{9729E0CF-F0A4-4DE5-B1FF-01056BA3C601} = {A605EDAD-C7ED-47D8-9118-716C794E9266}
		{D2F6CD16-848E-4432-9A86-2B22D2548389} = {A605EDAD-C7ED-47D8-9118-716C794E9266}
		{E12E8D04-6045-4945-A17D-9804C44D4187} = {A605EDAD-C7ED-47D8-9118-716C794E9266}
		{EA07A6B9-4989-4269-B2A2-5A20108348B8} = {A605EDAD-C7ED-47D8-9118-716C794E9266}
		{A7A9C863-84BA-4A6E-ABB4-9FBFC147B51E} = {A605EDAD-C7ED-47D8-9118-716C794E9266}
		{4977C323-5BD9-4ACF-995A-090883ECA9E3} = {A605EDAD-C7ED-47D8-9118-716C794E9266}
		{E56A9610-0278-4C56-9C95-8B8ECFBC45AB} = {A605EDAD-C7ED-47D8-9118-716C794E9266}
		{C58808E1-2E9B-41D2-B60C-FF2A5E522E10} = {A605EDAD-C7ED-47D8-9118-716C794E9266}
		{2CEAD9C2-AD5E-4307-950A-2C3C2E597933} = {A605EDAD-C7ED-47D8-9118-716C794E9266}
		{0A606BFB-825F-4889-98C0-4A6F632668A8} = {E9056D89-6707-4A8D-AC2F-FC3A1B63E652}
	EndGlobalSection
	GlobalSection(ExtensibilityGlobals) = postSolution
		SolutionGuid = {EB5229E7-7149-4F70-9548-76DBB5E61223}
	EndGlobalSection
EndGlobal
